
Microsoft Visual Studio Solution File, Format Version 12.00
# Visual Studio Version 17
VisualStudioVersion = 17.8.34330.188
MinimumVisualStudioVersion = 10.0.40219.1
Project("{FAE04EC0-301F-11D3-BF4B-00C04F79EFBC}") = "01.ReverseString", "01.ReverseString\01.ReverseString.csproj", "{2B2922BB-A8DF-445C-9B6C-E00779D2800B}"
EndProject
Global
	GlobalSection(SolutionConfigurationPlatforms) = preSolution
		Debug|Any CPU = Debug|Any CPU
		Release|Any CPU = Release|Any CPU
	EndGlobalSection
	GlobalSection(ProjectConfigurationPlatforms) = postSolution
		{2B2922BB-A8DF-445C-9B6C-E00779D2800B}.Debug|Any CPU.ActiveCfg = Debug|Any CPU
		{2B2922BB-A8DF-445C-9B6C-E00779D2800B}.Debug|Any CPU.Build.0 = Debug|Any CPU
		{2B2922BB-A8DF-445C-9B6C-E00779D2800B}.Release|Any CPU.ActiveCfg = Release|Any CPU
		{2B2922BB-A8DF-445C-9B6C-E00779D2800B}.Release|Any CPU.Build.0 = Release|Any CPU
	EndGlobalSection
	GlobalSection(SolutionProperties) = preSolution
		HideSolutionNode = FALSE
	EndGlobalSection
	GlobalSection(ExtensibilityGlobals) = postSolution
		SolutionGuid = {F6473E4E-5291-409E-81D4-91D54C012D4F}
	EndGlobalSection
EndGlobal
